<?xml version="1.0" encoding="utf-8"?>
<Project ToolsVersion="4.0" xmlns="http://schemas.microsoft.com/developer/msbuild/2003">
  <ItemGroup>
    <Filter Include="源文件">
      <UniqueIdentifier>{4FC737F1-C7A5-4376-A066-2A32D752A2FF}</UniqueIdentifier>
      <Extensions>cpp;c;cc;cxx;c++;cppm;ixx;def;odl;idl;hpj;bat;asm;asmx</Extensions>
    </Filter>
    <Filter Include="头文件">
      <UniqueIdentifier>{93995380-89BD-4b04-88EB-625FBE52EBFB}</UniqueIdentifier>
      <Extensions>h;hh;hpp;hxx;h++;hm;inl;inc;ipp;xsd</Extensions>
    </Filter>
    <Filter Include="资源文件">
      <UniqueIdentifier>{67DA6AB6-F800-4c08-8B7A-83BB121AAD01}</UniqueIdentifier>
      <Extensions>rc;ico;cur;bmp;dlg;rc2;rct;bin;rgs;gif;jpg;jpeg;jpe;resx;tiff;tif;png;wav;mfcribbon-ms</Extensions>
    </Filter>
    <Filter Include="头文件\alloc">
      <UniqueIdentifier>{de2bad98-3688-488e-831a-f5e9a36a3bd9}</UniqueIdentifier>
    </Filter>
    <Filter Include="头文件\type">
      <UniqueIdentifier>{41ce0564-2eda-49b7-87b8-e4bf63c023cc}</UniqueIdentifier>
    </Filter>
    <Filter Include="头文件\basic data structure">
      <UniqueIdentifier>{b6398063-c41a-4d08-846c-8a2913c3fb06}</UniqueIdentifier>
    </Filter>
    <Filter Include="头文件\function">
      <UniqueIdentifier>{8d862ece-7b01-4da1-9ec9-5d0a1524a76e}</UniqueIdentifier>
    </Filter>
    <Filter Include="头文件\iteratiors">
      <UniqueIdentifier>{e49b8730-abe7-4341-8a97-3c9969f312fd}</UniqueIdentifier>
    </Filter>
    <Filter Include="头文件\util">
      <UniqueIdentifier>{834ceb15-622f-4773-8e22-086561a706b8}</UniqueIdentifier>
    </Filter>
    <Filter Include="头文件\algorithm">
      <UniqueIdentifier>{ec5f6ac2-b959-433b-9e4e-c796a352e89d}</UniqueIdentifier>
    </Filter>
    <Filter Include="头文件\序列式容器">
      <UniqueIdentifier>{d9ba8549-4cb5-4f2c-af25-d204d25a8ea6}</UniqueIdentifier>
    </Filter>
    <Filter Include="头文件\关联式容器">
      <UniqueIdentifier>{fa0e00d7-c31d-4513-88ad-2ce75bbe45c7}</UniqueIdentifier>
    </Filter>
    <Filter Include="头文件\哈希容器">
      <UniqueIdentifier>{2ae622a0-a881-4c77-8c97-051169843bbe}</UniqueIdentifier>
    </Filter>
    <Filter Include="头文件\test">
      <UniqueIdentifier>{e5cdb88f-9a7c-42b6-aea6-27d24788bb24}</UniqueIdentifier>
    </Filter>
    <Filter Include="头文件\test\testLab">
      <UniqueIdentifier>{e89a414e-e2b2-452b-b498-eb814e8430d1}</UniqueIdentifier>
    </Filter>
  </ItemGroup>
  <ItemGroup>
    <ClInclude Include="type_traits.h">
      <Filter>头文件\type</Filter>
    </ClInclude>
    <ClInclude Include="rb_tree.h">
      <Filter>头文件\basic data structure</Filter>
    </ClInclude>
    <ClInclude Include="iterator.h">
      <Filter>头文件\iteratiors</Filter>
    </ClInclude>
    <ClInclude Include="memory.h">
      <Filter>头文件\alloc</Filter>
    </ClInclude>
    <ClInclude Include="alloc.h">
      <Filter>头文件\alloc</Filter>
    </ClInclude>
    <ClInclude Include="allocator.h">
      <Filter>头文件\alloc</Filter>
    </ClInclude>
    <ClInclude Include="util.h">
      <Filter>头文件\util</Filter>
    </ClInclude>
    <ClInclude Include="construct.h">
      <Filter>头文件\alloc</Filter>
    </ClInclude>
    <ClInclude Include="uninitialized.h">
      <Filter>头文件\alloc</Filter>
    </ClInclude>
    <ClInclude Include="algorithm.h">
      <Filter>头文件\algorithm</Filter>
    </ClInclude>
    <ClInclude Include="algobase.h">
      <Filter>头文件\algorithm</Filter>
    </ClInclude>
    <ClInclude Include="vector.h">
      <Filter>头文件\序列式容器</Filter>
    </ClInclude>
    <ClInclude Include="deque.h">
      <Filter>头文件\序列式容器</Filter>
    </ClInclude>
    <ClInclude Include="functional.h">
      <Filter>头文件\function</Filter>
    </ClInclude>
    <ClInclude Include="queue.h">
      <Filter>头文件\序列式容器</Filter>
    </ClInclude>
    <ClInclude Include="stack.h">
      <Filter>头文件\序列式容器</Filter>
    </ClInclude>
    <ClInclude Include="list.h">
      <Filter>头文件\序列式容器</Filter>
    </ClInclude>
    <ClInclude Include="map.h">
      <Filter>头文件\关联式容器</Filter>
    </ClInclude>
    <ClInclude Include="unordered_set.h">
      <Filter>头文件\哈希容器</Filter>
    </ClInclude>
    <ClInclude Include="hashtable.h">
      <Filter>头文件\basic data structure</Filter>
    </ClInclude>
    <ClInclude Include="stl_algo.h">
      <Filter>头文件\algorithm</Filter>
    </ClInclude>
    <ClInclude Include="string.h">
      <Filter>头文件\序列式容器</Filter>
    </ClInclude>
    <ClInclude Include="basic_string.h">
      <Filter>头文件\basic data structure</Filter>
    </ClInclude>
    <ClInclude Include="test\Lib\redbud\io\color.h">
      <Filter>头文件\test\testLab</Filter>
    </ClInclude>
    <ClInclude Include="test\Lib\redbud\platform.h">
      <Filter>头文件\test\testLab</Filter>
    </ClInclude>
    <ClInclude Include="test\test.h">
      <Filter>头文件\test</Filter>
    </ClInclude>
    <ClInclude Include="test\testVector.h">
      <Filter>头文件\test</Filter>
    </ClInclude>
    <ClInclude Include="numeric.h">
      <Filter>头文件\algorithm</Filter>
    </ClInclude>
    <ClInclude Include="stl_heap.h">
      <Filter>头文件\algorithm</Filter>
    </ClInclude>
    <ClInclude Include="set.h">
      <Filter>头文件\关联式容器</Filter>
    </ClInclude>
    <ClInclude Include="test\testDeque.h">
      <Filter>头文件\test</Filter>
    </ClInclude>
    <ClInclude Include="test\testList.h">
      <Filter>头文件\test</Filter>
    </ClInclude>
    <ClInclude Include="test\testQueue.h">
      <Filter>头文件\test</Filter>
    </ClInclude>
    <ClInclude Include="test\testStack.h">
      <Filter>头文件\test</Filter>
    </ClInclude>
    <ClInclude Include="test\testString.h">
      <Filter>头文件\test</Filter>
    </ClInclude>
    <ClInclude Include="test\testUnordered_map.h">
      <Filter>头文件\test</Filter>
    </ClInclude>
    <ClInclude Include="test\testUnordered_set.h">
      <Filter>头文件\test</Filter>
    </ClInclude>
  </ItemGroup>
  <ItemGroup>
    <ClCompile Include="unordered_map.h">
      <Filter>头文件\哈希容器</Filter>
    </ClCompile>
    <ClCompile Include="源.cpp">
      <Filter>源文件</Filter>
    </ClCompile>
  </ItemGroup>
</Project>